
Microsoft Visual Studio Solution File, Format Version 12.00
# Visual Studio Version 16
VisualStudioVersion = 16.0.30104.148
MinimumVisualStudioVersion = 10.0.40219.1
Project("{FAE04EC0-301F-11D3-BF4B-00C04F79EFBC}") = "Veterinaria.Common", "Veterinaria.Common\Veterinaria.Common.csproj", "{5052E66F-8E02-4A12-A7E4-2A35D2E162C2}"
EndProject
Project("{FAE04EC0-301F-11D3-BF4B-00C04F79EFBC}") = "Veterinaria.Web", "Veterinaria.Web\Veterinaria.Web.csproj", "{EB878A27-7611-432F-BD65-40D97AFC31EC}"
EndProject
Global
	GlobalSection(SolutionConfigurationPlatforms) = preSolution
		Debug|Any CPU = Debug|Any CPU
		Release|Any CPU = Release|Any CPU
	EndGlobalSection
	GlobalSection(ProjectConfigurationPlatforms) = postSolution
		{5052E66F-8E02-4A12-A7E4-2A35D2E162C2}.Debug|Any CPU.ActiveCfg = Debug|Any CPU
		{5052E66F-8E02-4A12-A7E4-2A35D2E162C2}.Debug|Any CPU.Build.0 = Debug|Any CPU
		{5052E66F-8E02-4A12-A7E4-2A35D2E162C2}.Release|Any CPU.ActiveCfg = Release|Any CPU
		{5052E66F-8E02-4A12-A7E4-2A35D2E162C2}.Release|Any CPU.Build.0 = Release|Any CPU
		{EB878A27-7611-432F-BD65-40D97AFC31EC}.Debug|Any CPU.ActiveCfg = Debug|Any CPU
		{EB878A27-7611-432F-BD65-40D97AFC31EC}.Debug|Any CPU.Build.0 = Debug|Any CPU
		{EB878A27-7611-432F-BD65-40D97AFC31EC}.Release|Any CPU.ActiveCfg = Release|Any CPU
		{EB878A27-7611-432F-BD65-40D97AFC31EC}.Release|Any CPU.Build.0 = Release|Any CPU
	EndGlobalSection
	GlobalSection(SolutionProperties) = preSolution
		HideSolutionNode = FALSE
	EndGlobalSection
	GlobalSection(ExtensibilityGlobals) = postSolution
		SolutionGuid = {45531F5C-7C44-4D62-9A18-B16B8BFB8D36}
	EndGlobalSection
EndGlobal
